
Microsoft Visual Studio Solution File, Format Version 12.00
# Visual Studio Version 17
VisualStudioVersion = 17.9.34607.119
MinimumVisualStudioVersion = 10.0.40219.1
Project("{FAE04EC0-301F-11D3-BF4B-00C04F79EFBC}") = "ImageResizing", "ImageResizing\ImageResizing.csproj", "{1FCCC368-380F-4F74-A5B6-4BE74B3E90B3}"
EndProject
Global
	GlobalSection(SolutionConfigurationPlatforms) = preSolution
		Debug|Any CPU = Debug|Any CPU
		Release|Any CPU = Release|Any CPU
	EndGlobalSection
	GlobalSection(ProjectConfigurationPlatforms) = postSolution
		{1FCCC368-380F-4F74-A5B6-4BE74B3E90B3}.Debug|Any CPU.ActiveCfg = Debug|Any CPU
		{1FCCC368-380F-4F74-A5B6-4BE74B3E90B3}.Debug|Any CPU.Build.0 = Debug|Any CPU
		{1FCCC368-380F-4F74-A5B6-4BE74B3E90B3}.Release|Any CPU.ActiveCfg = Release|Any CPU
		{1FCCC368-380F-4F74-A5B6-4BE74B3E90B3}.Release|Any CPU.Build.0 = Release|Any CPU
	EndGlobalSection
	GlobalSection(SolutionProperties) = preSolution
		HideSolutionNode = FALSE
	EndGlobalSection
	GlobalSection(ExtensibilityGlobals) = postSolution
		SolutionGuid = {AD82E33A-A554-46F9-B8CF-38A52B75E5F2}
	EndGlobalSection
EndGlobal
